// !$*UTF8*$!
{
	archiveVersion = 1;
	classes = {
	};
	objectVersion = 46;
	objects = {

/* Begin PBXBuildFile section */
		1C8173261BB6323200FF2C7D /* main.swift in Sources */ = {isa = PBXBuildFile; fileRef = 1C8173251BB6323200FF2C7D /* main.swift */; };
		1C81732D1BB6324B00FF2C7D /* MenuItem.swift in Sources */ = {isa = PBXBuildFile; fileRef = 1C81732C1BB6324B00FF2C7D /* MenuItem.swift */; settings = {ASSET_TAGS = (); }; };
		1C8173331BB63A5300FF2C7D /* Waitress.swift in Sources */ = {isa = PBXBuildFile; fileRef = 1C8173321BB63A5300FF2C7D /* Waitress.swift */; settings = {ASSET_TAGS = (); }; };
		1C8173351BB63DE900FF2C7D /* Iterator.swift in Sources */ = {isa = PBXBuildFile; fileRef = 1C8173341BB63DE900FF2C7D /* Iterator.swift */; settings = {ASSET_TAGS = (); }; };
		1C8173371BB6483900FF2C7D /* Menu.swift in Sources */ = {isa = PBXBuildFile; fileRef = 1C8173361BB6483800FF2C7D /* Menu.swift */; settings = {ASSET_TAGS = (); }; };
/* End PBXBuildFile section */

/* Begin PBXCopyFilesBuildPhase section */
		1C8173201BB6323100FF2C7D /* CopyFiles */ = {
			isa = PBXCopyFilesBuildPhase;
			buildActionMask = 2147483647;
			dstPath = /usr/share/man/man1/;
			dstSubfolderSpec = 0;
			files = (
			);
			runOnlyForDeploymentPostprocessing = 1;
		};
/* End PBXCopyFilesBuildPhase section */

/* Begin PBXFileReference section */
		1C8173221BB6323200FF2C7D /* MorningLunch */ = {isa = PBXFileReference; explicitFileType = "compiled.mach-o.executable"; includeInIndex = 0; path = MorningLunch; sourceTree = BUILT_PRODUCTS_DIR; };
		1C8173251BB6323200FF2C7D /* main.swift */ = {isa = PBXFileReference; lastKnownFileType = sourcecode.swift; path = main.swift; sourceTree = "<group>"; };
		1C81732C1BB6324B00FF2C7D /* MenuItem.swift */ = {isa = PBXFileReference; fileEncoding = 4; lastKnownFileType = sourcecode.swift; path = MenuItem.swift; sourceTree = "<group>"; };
		1C8173321BB63A5300FF2C7D /* Waitress.swift */ = {isa = PBXFileReference; fileEncoding = 4; lastKnownFileType = sourcecode.swift; path = Waitress.swift; sourceTree = "<group>"; };
		1C8173341BB63DE900FF2C7D /* Iterator.swift */ = {isa = PBXFileReference; fileEncoding = 4; lastKnownFileType = sourcecode.swift; path = Iterator.swift; sourceTree = "<group>"; };
		1C8173361BB6483800FF2C7D /* Menu.swift */ = {isa = PBXFileReference; fileEncoding = 4; lastKnownFileType = sourcecode.swift; path = Menu.swift; sourceTree = "<group>"; };
/* End PBXFileReference section */

/* Begin PBXFrameworksBuildPhase section */
		1C81731F1BB6323100FF2C7D /* Frameworks */ = {
			isa = PBXFrameworksBuildPhase;
			buildActionMask = 2147483647;
			files = (
			);
			runOnlyForDeploymentPostprocessing = 0;
		};
/* End PBXFrameworksBuildPhase section */

/* Begin PBXGroup section */
		1C8173191BB6323100FF2C7D = {
			isa = PBXGroup;
			children = (
				1C8173241BB6323200FF2C7D /* MorningLunch */,
				1C8173231BB6323200FF2C7D /* Products */,
			);
			sourceTree = "<group>";
		};
		1C8173231BB6323200FF2C7D /* Products */ = {
			isa = PBXGroup;
			children = (
				1C8173221BB6323200FF2C7D /* MorningLunch */,
			);
			name = Products;
			sourceTree = "<group>";
		};
		1C8173241BB6323200FF2C7D /* MorningLunch */ = {
			isa = PBXGroup;
			children = (
				1C8173251BB6323200FF2C7D /* main.swift */,
				1C81732C1BB6324B00FF2C7D /* MenuItem.swift */,
				1C8173361BB6483800FF2C7D /* Menu.swift */,
				1C8173321BB63A5300FF2C7D /* Waitress.swift */,
				1C8173341BB63DE900FF2C7D /* Iterator.swift */,
			);
			path = MorningLunch;
			sourceTree = "<group>";
		};
/* End PBXGroup section */

/* Begin PBXNativeTarget section */
		1C8173211BB6323100FF2C7D /* MorningLunch */ = {
			isa = PBXNativeTarget;
			buildConfigurationList = 1C8173291BB6323200FF2C7D /* Build configuration list for PBXNativeTarget "MorningLunch" */;
			buildPhases = (
				1C81731E1BB6323100FF2C7D /* Sources */,
				1C81731F1BB6323100FF2C7D /* Frameworks */,
				1C8173201BB6323100FF2C7D /* CopyFiles */,
			);
			buildRules = (
			);
			dependencies = (
			);
			name = MorningLunch;
			productName = MorningLunch;
			productReference = 1C8173221BB6323200FF2C7D /* MorningLunch */;
			productType = "com.apple.product-type.tool";
		};
/* End PBXNativeTarget section */

/* Begin PBXProject section */
		1C81731A1BB6323100FF2C7D /* Project object */ = {
			isa = PBXProject;
			attributes = {
				LastUpgradeCheck = 0700;
				ORGANIZATIONNAME = mfmf.me;
				TargetAttributes = {
					1C8173211BB6323100FF2C7D = {
						CreatedOnToolsVersion = 7.0;
					};
				};
			};
			buildConfigurationList = 1C81731D1BB6323100FF2C7D /* Build configuration list for PBXProject "MorningLunch" */;
			compatibilityVersion = "Xcode 3.2";
			developmentRegion = English;
			hasScannedForEncodings = 0;
			knownRegions = (
				en,
			);
			mainGroup = 1C8173191BB6323100FF2C7D;
			productRefGroup = 1C8173231BB6323200FF2C7D /* Products */;
			projectDirPath = "";
			projectRoot = "";
			targets = (
				1C8173211BB6323100FF2C7D /* MorningLunch */,
			);
		};
/* End PBXProject section */

/* Begin PBXSourcesBuildPhase section */
		1C81731E1BB6323100FF2C7D /* Sources */ = {
			isa = PBXSourcesBuildPhase;
			buildActionMask = 2147483647;
			files = (
				1C8173261BB6323200FF2C7D /* main.swift in Sources */,
				1C8173371BB6483900FF2C7D /* Menu.swift in Sources */,
				1C81732D1BB6324B00FF2C7D /* MenuItem.swift in Sources */,
				1C8173351BB63DE900FF2C7D /* Iterator.swift in Sources */,
				1C8173331BB63A5300FF2C7D /* Waitress.swift in Sources */,
			);
			runOnlyForDeploymentPostprocessing = 0;
		};
/* End PBXSourcesBuildPhase section */

/* Begin XCBuildConfiguration section */
		1C8173271BB6323200FF2C7D /* Debug */ = {
			isa = XCBuildConfiguration;
			buildSettings = {
				ALWAYS_SEARCH_USER_PATHS = NO;
				CLANG_CXX_LANGUAGE_STANDARD = "gnu++0x";
				CLANG_CXX_LIBRARY = "libc++";
				CLANG_ENABLE_MODULES = YES;
				CLANG_ENABLE_OBJC_ARC = YES;
				CLANG_WARN_BOOL_CONVERSION = YES;
				CLANG_WARN_CONSTANT_CONVERSION = YES;
				CLANG_WARN_DIRECT_OBJC_ISA_USAGE = YES_ERROR;
				CLANG_WARN_EMPTY_BODY = YES;
				CLANG_WARN_ENUM_CONVERSION = YES;
				CLANG_WARN_INT_CONVERSION = YES;
				CLANG_WARN_OBJC_ROOT_CLASS = YES_ERROR;
				CLANG_WARN_UNREACHABLE_CODE = YES;
				CLANG_WARN__DUPLICATE_METHOD_MATCH = YES;
				COPY_PHASE_STRIP = NO;
				DEBUG_INFORMATION_FORMAT = dwarf;
				ENABLE_STRICT_OBJC_MSGSEND = YES;
				ENABLE_TESTABILITY = YES;
				GCC_C_LANGUAGE_STANDARD = gnu99;
				GCC_DYNAMIC_NO_PIC = NO;
				GCC_NO_COMMON_BLOCKS = YES;
				GCC_OPTIMIZATION_LEVEL = 0;
				GCC_PREPROCESSOR_DEFINITIONS = (
					"DEBUG=1",
					"$(inherited)",
				);
				GCC_WARN_64_TO_32_BIT_CONVERSION = YES;
				GCC_WARN_ABOUT_RETURN_TYPE = YES_ERROR;
				GCC_WARN_UNDECLARED_SELECTOR = YES;
				GCC_WARN_UNINITIALIZED_AUTOS = YES_AGGRESSIVE;
				GCC_WARN_UNUSED_FUNCTION = YES;
				GCC_WARN_UNUSED_VARIABLE = YES;
				MACOSX_DEPLOYMENT_TARGET = 10.10;
				MTL_ENABLE_DEBUG_INFO = YES;
				ONLY_ACTIVE_ARCH = YES;
				SDKROOT = macosx;
				SWIFT_OPTIMIZATION_LEVEL = "-Onone";
			};
			name = Debug;
		};
		1C8173281BB6323200FF2C7D /* Release */ = {
			isa = XCBuildConfiguration;
			buildSettings = {
				ALWAYS_SEARCH_USER_PATHS = NO;
				CLANG_CXX_LANGUAGE_STANDARD = "gnu++0x";
				CLANG_CXX_LIBRARY = "libc++";
				CLANG_ENABLE_MODULES = YES;
				CLANG_ENABLE_OBJC_ARC = YES;
				CLANG_WARN_BOOL_CONVERSION = YES;
				CLANG_WARN_CONSTANT_CONVERSION = YES;
				CLANG_WARN_DIRECT_OBJC_ISA_USAGE = YES_ERROR;
				CLANG_WARN_EMPTY_BODY = YES;
				CLANG_WARN_ENUM_CONVERSION = YES;
				CLANG_WARN_INT_CONVERSION = YES;
				CLANG_WARN_OBJC_ROOT_CLASS = YES_ERROR;
				CLANG_WARN_UNREACHABLE_CODE = YES;
				CLANG_WARN__DUPLICATE_METHOD_MATCH = YES;
				COPY_PHASE_STRIP = NO;
				DEBUG_INFORMATION_FORMAT = "dwarf-with-dsym";
				ENABLE_NS_ASSERTIONS = NO;
				ENABLE_STRICT_OBJC_MSGSEND = YES;
				GCC_C_LANGUAGE_STANDARD = gnu99;
				GCC_NO_COMMON_BLOCKS = YES;
				GCC_WARN_64_TO_32_BIT_CONVERSION = YES;
				GCC_WARN_ABOUT_RETURN_TYPE = YES_ERROR;
				GCC_WARN_UNDECLARED_SELECTOR = YES;
				GCC_WARN_UNINITIALIZED_AUTOS = YES_AGGRESSIVE;
				GCC_WARN_UNUSED_FUNCTION = YES;
				GCC_WARN_UNUSED_VARIABLE = YES;
				MACOSX_DEPLOYMENT_TARGET = 10.10;
				MTL_ENABLE_DEBUG_INFO = NO;
				SDKROOT = macosx;
			};
			name = Release;
		};
		1C81732A1BB6323200FF2C7D /* Debug */ = {
			isa = XCBuildConfiguration;
			buildSettings = {
				PRODUCT_NAME = "$(TARGET_NAME)";
			};
			name = Debug;
		};
		1C81732B1BB6323200FF2C7D /* Release */ = {
			isa = XCBuildConfiguration;
			buildSettings = {
				PRODUCT_NAME = "$(TARGET_NAME)";
			};
			name = Release;
		};
/* End XCBuildConfiguration section */

/* Begin XCConfigurationList section */
		1C81731D1BB6323100FF2C7D /* Build configuration list for PBXProject "MorningLunch" */ = {
			isa = XCConfigurationList;
			buildConfigurations = (
				1C8173271BB6323200FF2C7D /* Debug */,
				1C8173281BB6323200FF2C7D /* Release */,
			);
			defaultConfigurationIsVisible = 0;
			defaultConfigurationName = Release;
		};
		1C8173291BB6323200FF2C7D /* Build configuration list for PBXNativeTarget "MorningLunch" */ = {
			isa = XCConfigurationList;
			buildConfigurations = (
				1C81732A1BB6323200FF2C7D /* Debug */,
				1C81732B1BB6323200FF2C7D /* Release */,
			);
			defaultConfigurationIsVisible = 0;
		};
/* End XCConfigurationList section */
	};
	rootObject = 1C81731A1BB6323100FF2C7D /* Project object */;
}
